
Microsoft Visual Studio Solution File, Format Version 12.00
# Visual Studio Version 16
VisualStudioVersion = 16.0.31624.102
MinimumVisualStudioVersion = 10.0.40219.1
Project("{FAE04EC0-301F-11D3-BF4B-00C04F79EFBC}") = "AdminWPF", "AdminWPF\AdminWPF.csproj", "{4C161FAB-81FB-4770-874E-F7D55ABA5DF6}"
EndProject
Global
	GlobalSection(SolutionConfigurationPlatforms) = preSolution
		Debug|Any CPU = Debug|Any CPU
		Release|Any CPU = Release|Any CPU
	EndGlobalSection
	GlobalSection(ProjectConfigurationPlatforms) = postSolution
		{4C161FAB-81FB-4770-874E-F7D55ABA5DF6}.Debug|Any CPU.ActiveCfg = Debug|Any CPU
		{4C161FAB-81FB-4770-874E-F7D55ABA5DF6}.Debug|Any CPU.Build.0 = Debug|Any CPU
		{4C161FAB-81FB-4770-874E-F7D55ABA5DF6}.Release|Any CPU.ActiveCfg = Release|Any CPU
		{4C161FAB-81FB-4770-874E-F7D55ABA5DF6}.Release|Any CPU.Build.0 = Release|Any CPU
	EndGlobalSection
	GlobalSection(SolutionProperties) = preSolution
		HideSolutionNode = FALSE
	EndGlobalSection
	GlobalSection(ExtensibilityGlobals) = postSolution
		SolutionGuid = {C56A085D-A046-4611-A43C-C5DDAA6096FC}
	EndGlobalSection
EndGlobal
